
Microsoft Visual Studio Solution File, Format Version 12.00
# Visual Studio Version 17
VisualStudioVersion = 17.14.36414.22 d17.14
MinimumVisualStudioVersion = 10.0.40219.1
Project("{FAE04EC0-301F-11D3-BF4B-00C04F79EFBC}") = "NetflixDemo", "NetflixDemo.csproj", "{75894BA1-1A99-44A4-BD9E-83516A3D5875}"
EndProject
Global
	GlobalSection(SolutionConfigurationPlatforms) = preSolution
		Debug|Any CPU = Debug|Any CPU
		Release|Any CPU = Release|Any CPU
	EndGlobalSection
	GlobalSection(ProjectConfigurationPlatforms) = postSolution
		{75894BA1-1A99-44A4-BD9E-83516A3D5875}.Debug|Any CPU.ActiveCfg = Debug|Any CPU
		{75894BA1-1A99-44A4-BD9E-83516A3D5875}.Debug|Any CPU.Build.0 = Debug|Any CPU
		{75894BA1-1A99-44A4-BD9E-83516A3D5875}.Release|Any CPU.ActiveCfg = Release|Any CPU
		{75894BA1-1A99-44A4-BD9E-83516A3D5875}.Release|Any CPU.Build.0 = Release|Any CPU
	EndGlobalSection
	GlobalSection(SolutionProperties) = preSolution
		HideSolutionNode = FALSE
	EndGlobalSection
	GlobalSection(ExtensibilityGlobals) = postSolution
		SolutionGuid = {7BB787F7-3BD8-476C-ADFD-4453AD9F6492}
	EndGlobalSection
EndGlobal
